
Microsoft Visual Studio Solution File, Format Version 12.00
# Visual Studio 15
Project("{FAE04EC0-301F-11D3-BF4B-00C04F79EFBC}") = "Assembly-CSharp", "Assembly-CSharp.csproj", "{87628DAE-CD29-13A3-9C7B-EFE73AF977EE}"
EndProject
Project("{FAE04EC0-301F-11D3-BF4B-00C04F79EFBC}") = "Assembly-CSharp-Editor", "Assembly-CSharp-Editor.csproj", "{99C09E65-1C3F-D2B4-17E1-2E597560CFAB}"
EndProject
Global
	GlobalSection(SolutionConfigurationPlatforms) = preSolution
		Debug|Any CPU = Debug|Any CPU
		Release|Any CPU = Release|Any CPU
	EndGlobalSection
	GlobalSection(ProjectConfigurationPlatforms) = postSolution
		{87628DAE-CD29-13A3-9C7B-EFE73AF977EE}.Debug|Any CPU.ActiveCfg = Debug|Any CPU
		{87628DAE-CD29-13A3-9C7B-EFE73AF977EE}.Debug|Any CPU.Build.0 = Debug|Any CPU
		{87628DAE-CD29-13A3-9C7B-EFE73AF977EE}.Release|Any CPU.ActiveCfg = Release|Any CPU
		{87628DAE-CD29-13A3-9C7B-EFE73AF977EE}.Release|Any CPU.Build.0 = Release|Any CPU
		{99C09E65-1C3F-D2B4-17E1-2E597560CFAB}.Debug|Any CPU.ActiveCfg = Debug|Any CPU
		{99C09E65-1C3F-D2B4-17E1-2E597560CFAB}.Debug|Any CPU.Build.0 = Debug|Any CPU
		{99C09E65-1C3F-D2B4-17E1-2E597560CFAB}.Release|Any CPU.ActiveCfg = Release|Any CPU
		{99C09E65-1C3F-D2B4-17E1-2E597560CFAB}.Release|Any CPU.Build.0 = Release|Any CPU
	EndGlobalSection
	GlobalSection(SolutionProperties) = preSolution
		HideSolutionNode = FALSE
	EndGlobalSection
EndGlobal
